
Microsoft Visual Studio Solution File, Format Version 12.00
# Visual Studio Version 16
VisualStudioVersion = 16.0.29326.143
MinimumVisualStudioVersion = 10.0.40219.1
Project("{FAE04EC0-301F-11D3-BF4B-00C04F79EFBC}") = "MvcMusicStore", "MvcMusicStore\MvcMusicStore.csproj", "{32DCD27D-A84C-4250-B657-408B3620A9AC}"
EndProject
Project("{2150E333-8FDC-42A3-9474-1A3956D46DE8}") = "0 - Presentention", "0 - Presentention", "{7C521CC2-BDA3-4108-979D-E0BEF86BA711}"
EndProject
Project("{2150E333-8FDC-42A3-9474-1A3956D46DE8}") = "3 - Domain", "3 - Domain", "{6651A5FE-54C8-440E-96B6-D9F5965D82BA}"
EndProject
Project("{2150E333-8FDC-42A3-9474-1A3956D46DE8}") = "4 - Infrastructure", "4 - Infrastructure", "{53053533-63F9-4229-BEF4-71756904B5FE}"
EndProject
Project("{2150E333-8FDC-42A3-9474-1A3956D46DE8}") = "4.1 - Data", "4.1 - Data", "{B7472AAB-C848-454E-A7FB-4FCF911CD7B1}"
EndProject
Project("{2150E333-8FDC-42A3-9474-1A3956D46DE8}") = "4.2 - CrossCutting", "4.2 - CrossCutting", "{1B2E7E26-089E-431B-AF06-C52E9B3FC324}"
EndProject
Project("{2150E333-8FDC-42A3-9474-1A3956D46DE8}") = "2 - Application", "2 - Application", "{4D85162F-85EF-4490-A234-5B051949C014}"
EndProject
Project("{9A19103F-16F7-4668-BE54-9A1E7A4F7556}") = "PrimeMusicStore.Domain", "src\PrimeMusicStore.Domain\PrimeMusicStore.Domain.csproj", "{DF2AB356-FFEB-4D1C-BF1B-26073D69331F}"
EndProject
Project("{9A19103F-16F7-4668-BE54-9A1E7A4F7556}") = "PrimeMusicStore.Application", "src\PrimeMusicStore.Application\PrimeMusicStore.Application.csproj", "{0DE1CE41-4780-48B2-898B-18368A940879}"
EndProject
Project("{9A19103F-16F7-4668-BE54-9A1E7A4F7556}") = "PrimeMusicStore.Data.Context", "src\PrimeMusicStore.Data.Context\PrimeMusicStore.Data.Context.csproj", "{3AC4C0FD-553D-48BD-91BB-A18721C88101}"
EndProject
Project("{9A19103F-16F7-4668-BE54-9A1E7A4F7556}") = "PrimeMusicStore.Data.Repository", "src\PrimeMusicStore.Data.Repository\PrimeMusicStore.Data.Repository.csproj", "{540CEE71-BC5B-48C3-8D66-FBCD5AE25C88}"
EndProject
Project("{9A19103F-16F7-4668-BE54-9A1E7A4F7556}") = "PrimeMusicStore.CrossCutting.InversionOfControl", "src\PrimeMusicStore.CrossCutting.InversionOfControl\PrimeMusicStore.CrossCutting.InversionOfControl.csproj", "{75AF8D0C-AD31-4179-8096-C25FFB215785}"
EndProject
Project("{2150E333-8FDC-42A3-9474-1A3956D46DE8}") = "1 - Server", "1 - Server", "{F0037C25-F582-46FE-AFB0-4210EF6F39D1}"
EndProject
Project("{9A19103F-16F7-4668-BE54-9A1E7A4F7556}") = "PrimeMusicStore.Server", "src\PrimeMusicStore.Service\PrimeMusicStore.Server.csproj", "{1F750156-09F0-4E03-BDFC-806C4C2BC701}"
EndProject
Project("{FAE04EC0-301F-11D3-BF4B-00C04F79EFBC}") = "PrimeMusicStore.Server.Tests", "tests\PrimeMusicStore.Service.Tests\PrimeMusicStore.Server.Tests.csproj", "{49BD211F-7989-44DD-8C92-FE67EA20FC6C}"
EndProject
Project("{9A19103F-16F7-4668-BE54-9A1E7A4F7556}") = "PrimeMusicStore.Server.Tester", "tests\PrimeMusicStore.Server.Tester\PrimeMusicStore.Server.Tester.csproj", "{2B6C30BF-3A8B-4ED8-B441-428A309E1E43}"
EndProject
Global
	GlobalSection(SolutionConfigurationPlatforms) = preSolution
		Debug|Any CPU = Debug|Any CPU
		Release|Any CPU = Release|Any CPU
	EndGlobalSection
	GlobalSection(ProjectConfigurationPlatforms) = postSolution
		{32DCD27D-A84C-4250-B657-408B3620A9AC}.Debug|Any CPU.ActiveCfg = Debug|Any CPU
		{32DCD27D-A84C-4250-B657-408B3620A9AC}.Debug|Any CPU.Build.0 = Debug|Any CPU
		{32DCD27D-A84C-4250-B657-408B3620A9AC}.Release|Any CPU.ActiveCfg = Release|Any CPU
		{32DCD27D-A84C-4250-B657-408B3620A9AC}.Release|Any CPU.Build.0 = Release|Any CPU
		{DF2AB356-FFEB-4D1C-BF1B-26073D69331F}.Debug|Any CPU.ActiveCfg = Debug|Any CPU
		{DF2AB356-FFEB-4D1C-BF1B-26073D69331F}.Debug|Any CPU.Build.0 = Debug|Any CPU
		{DF2AB356-FFEB-4D1C-BF1B-26073D69331F}.Release|Any CPU.ActiveCfg = Release|Any CPU
		{DF2AB356-FFEB-4D1C-BF1B-26073D69331F}.Release|Any CPU.Build.0 = Release|Any CPU
		{0DE1CE41-4780-48B2-898B-18368A940879}.Debug|Any CPU.ActiveCfg = Debug|Any CPU
		{0DE1CE41-4780-48B2-898B-18368A940879}.Debug|Any CPU.Build.0 = Debug|Any CPU
		{0DE1CE41-4780-48B2-898B-18368A940879}.Release|Any CPU.ActiveCfg = Release|Any CPU
		{0DE1CE41-4780-48B2-898B-18368A940879}.Release|Any CPU.Build.0 = Release|Any CPU
		{3AC4C0FD-553D-48BD-91BB-A18721C88101}.Debug|Any CPU.ActiveCfg = Debug|Any CPU
		{3AC4C0FD-553D-48BD-91BB-A18721C88101}.Debug|Any CPU.Build.0 = Debug|Any CPU
		{3AC4C0FD-553D-48BD-91BB-A18721C88101}.Release|Any CPU.ActiveCfg = Release|Any CPU
		{3AC4C0FD-553D-48BD-91BB-A18721C88101}.Release|Any CPU.Build.0 = Release|Any CPU
		{540CEE71-BC5B-48C3-8D66-FBCD5AE25C88}.Debug|Any CPU.ActiveCfg = Debug|Any CPU
		{540CEE71-BC5B-48C3-8D66-FBCD5AE25C88}.Debug|Any CPU.Build.0 = Debug|Any CPU
		{540CEE71-BC5B-48C3-8D66-FBCD5AE25C88}.Release|Any CPU.ActiveCfg = Release|Any CPU
		{540CEE71-BC5B-48C3-8D66-FBCD5AE25C88}.Release|Any CPU.Build.0 = Release|Any CPU
		{75AF8D0C-AD31-4179-8096-C25FFB215785}.Debug|Any CPU.ActiveCfg = Debug|Any CPU
		{75AF8D0C-AD31-4179-8096-C25FFB215785}.Debug|Any CPU.Build.0 = Debug|Any CPU
		{75AF8D0C-AD31-4179-8096-C25FFB215785}.Release|Any CPU.ActiveCfg = Release|Any CPU
		{75AF8D0C-AD31-4179-8096-C25FFB215785}.Release|Any CPU.Build.0 = Release|Any CPU
		{1F750156-09F0-4E03-BDFC-806C4C2BC701}.Debug|Any CPU.ActiveCfg = Debug|Any CPU
		{1F750156-09F0-4E03-BDFC-806C4C2BC701}.Debug|Any CPU.Build.0 = Debug|Any CPU
		{1F750156-09F0-4E03-BDFC-806C4C2BC701}.Release|Any CPU.ActiveCfg = Release|Any CPU
		{1F750156-09F0-4E03-BDFC-806C4C2BC701}.Release|Any CPU.Build.0 = Release|Any CPU
		{49BD211F-7989-44DD-8C92-FE67EA20FC6C}.Debug|Any CPU.ActiveCfg = Debug|Any CPU
		{49BD211F-7989-44DD-8C92-FE67EA20FC6C}.Debug|Any CPU.Build.0 = Debug|Any CPU
		{49BD211F-7989-44DD-8C92-FE67EA20FC6C}.Release|Any CPU.ActiveCfg = Release|Any CPU
		{49BD211F-7989-44DD-8C92-FE67EA20FC6C}.Release|Any CPU.Build.0 = Release|Any CPU
		{2B6C30BF-3A8B-4ED8-B441-428A309E1E43}.Debug|Any CPU.ActiveCfg = Debug|Any CPU
		{2B6C30BF-3A8B-4ED8-B441-428A309E1E43}.Debug|Any CPU.Build.0 = Debug|Any CPU
		{2B6C30BF-3A8B-4ED8-B441-428A309E1E43}.Release|Any CPU.ActiveCfg = Release|Any CPU
		{2B6C30BF-3A8B-4ED8-B441-428A309E1E43}.Release|Any CPU.Build.0 = Release|Any CPU
	EndGlobalSection
	GlobalSection(SolutionProperties) = preSolution
		HideSolutionNode = FALSE
	EndGlobalSection
	GlobalSection(NestedProjects) = preSolution
		{32DCD27D-A84C-4250-B657-408B3620A9AC} = {7C521CC2-BDA3-4108-979D-E0BEF86BA711}
		{B7472AAB-C848-454E-A7FB-4FCF911CD7B1} = {53053533-63F9-4229-BEF4-71756904B5FE}
		{1B2E7E26-089E-431B-AF06-C52E9B3FC324} = {53053533-63F9-4229-BEF4-71756904B5FE}
		{DF2AB356-FFEB-4D1C-BF1B-26073D69331F} = {6651A5FE-54C8-440E-96B6-D9F5965D82BA}
		{0DE1CE41-4780-48B2-898B-18368A940879} = {4D85162F-85EF-4490-A234-5B051949C014}
		{3AC4C0FD-553D-48BD-91BB-A18721C88101} = {B7472AAB-C848-454E-A7FB-4FCF911CD7B1}
		{540CEE71-BC5B-48C3-8D66-FBCD5AE25C88} = {B7472AAB-C848-454E-A7FB-4FCF911CD7B1}
		{75AF8D0C-AD31-4179-8096-C25FFB215785} = {1B2E7E26-089E-431B-AF06-C52E9B3FC324}
		{1F750156-09F0-4E03-BDFC-806C4C2BC701} = {F0037C25-F582-46FE-AFB0-4210EF6F39D1}
		{49BD211F-7989-44DD-8C92-FE67EA20FC6C} = {F0037C25-F582-46FE-AFB0-4210EF6F39D1}
		{2B6C30BF-3A8B-4ED8-B441-428A309E1E43} = {7C521CC2-BDA3-4108-979D-E0BEF86BA711}
	EndGlobalSection
	GlobalSection(ExtensibilityGlobals) = postSolution
		SolutionGuid = {EDD31B1C-3479-468A-97C6-03D1D3DC1283}
	EndGlobalSection
EndGlobal
